
Microsoft Visual Studio Solution File, Format Version 12.00
# Visual Studio 14
VisualStudioVersion = 14.0.25420.1
MinimumVisualStudioVersion = 10.0.40219.1
Project("{FAE04EC0-301F-11D3-BF4B-00C04F79EFBC}") = "Ejercicio1", "Ejercicio1\Ejercicio1.csproj", "{ECD5468C-32BA-4928-80D6-09F011B6C43A}"
EndProject
Project("{FAE04EC0-301F-11D3-BF4B-00C04F79EFBC}") = "Ejercicio2", "Ejercicio2\Ejercicio2.csproj", "{1B12476A-8844-4D2F-9F3F-C89FEECA41B7}"
EndProject
Project("{FAE04EC0-301F-11D3-BF4B-00C04F79EFBC}") = "TestingExample", "TestingExample\TestingExample.csproj", "{AFF97DD0-4461-41AE-81A0-6F564FCCB608}"
EndProject
Project("{FAE04EC0-301F-11D3-BF4B-00C04F79EFBC}") = "TP2Test", "TP2Test\TP2Test.csproj", "{A757AECE-E6E1-4144-9E09-5212432D5894}"
EndProject
Project("{FAE04EC0-301F-11D3-BF4B-00C04F79EFBC}") = "Ejercicio3", "Ejercicio3\Ejercicio3.csproj", "{B764969B-8107-4730-BF20-73BFFD2448C0}"
EndProject
Project("{FAE04EC0-301F-11D3-BF4B-00C04F79EFBC}") = "Ejercicio4", "Ejercicio4\Ejercicio4.csproj", "{2243062B-8843-4451-AA6A-9738D2F8A9CA}"
EndProject
Project("{FAE04EC0-301F-11D3-BF4B-00C04F79EFBC}") = "Ejercicio5", "Ejercicio5\Ejercicio5.csproj", "{8F45EF40-F8C6-48BE-8794-1377AE738041}"
EndProject
Global
	GlobalSection(SolutionConfigurationPlatforms) = preSolution
		Debug|Any CPU = Debug|Any CPU
		Release|Any CPU = Release|Any CPU
	EndGlobalSection
	GlobalSection(ProjectConfigurationPlatforms) = postSolution
		{ECD5468C-32BA-4928-80D6-09F011B6C43A}.Debug|Any CPU.ActiveCfg = Debug|Any CPU
		{ECD5468C-32BA-4928-80D6-09F011B6C43A}.Debug|Any CPU.Build.0 = Debug|Any CPU
		{ECD5468C-32BA-4928-80D6-09F011B6C43A}.Release|Any CPU.ActiveCfg = Release|Any CPU
		{ECD5468C-32BA-4928-80D6-09F011B6C43A}.Release|Any CPU.Build.0 = Release|Any CPU
		{1B12476A-8844-4D2F-9F3F-C89FEECA41B7}.Debug|Any CPU.ActiveCfg = Debug|Any CPU
		{1B12476A-8844-4D2F-9F3F-C89FEECA41B7}.Debug|Any CPU.Build.0 = Debug|Any CPU
		{1B12476A-8844-4D2F-9F3F-C89FEECA41B7}.Release|Any CPU.ActiveCfg = Release|Any CPU
		{1B12476A-8844-4D2F-9F3F-C89FEECA41B7}.Release|Any CPU.Build.0 = Release|Any CPU
		{AFF97DD0-4461-41AE-81A0-6F564FCCB608}.Debug|Any CPU.ActiveCfg = Debug|Any CPU
		{AFF97DD0-4461-41AE-81A0-6F564FCCB608}.Debug|Any CPU.Build.0 = Debug|Any CPU
		{AFF97DD0-4461-41AE-81A0-6F564FCCB608}.Release|Any CPU.ActiveCfg = Release|Any CPU
		{AFF97DD0-4461-41AE-81A0-6F564FCCB608}.Release|Any CPU.Build.0 = Release|Any CPU
		{A757AECE-E6E1-4144-9E09-5212432D5894}.Debug|Any CPU.ActiveCfg = Debug|Any CPU
		{A757AECE-E6E1-4144-9E09-5212432D5894}.Debug|Any CPU.Build.0 = Debug|Any CPU
		{A757AECE-E6E1-4144-9E09-5212432D5894}.Release|Any CPU.ActiveCfg = Release|Any CPU
		{A757AECE-E6E1-4144-9E09-5212432D5894}.Release|Any CPU.Build.0 = Release|Any CPU
		{B764969B-8107-4730-BF20-73BFFD2448C0}.Debug|Any CPU.ActiveCfg = Debug|Any CPU
		{B764969B-8107-4730-BF20-73BFFD2448C0}.Debug|Any CPU.Build.0 = Debug|Any CPU
		{B764969B-8107-4730-BF20-73BFFD2448C0}.Release|Any CPU.ActiveCfg = Release|Any CPU
		{B764969B-8107-4730-BF20-73BFFD2448C0}.Release|Any CPU.Build.0 = Release|Any CPU
		{2243062B-8843-4451-AA6A-9738D2F8A9CA}.Debug|Any CPU.ActiveCfg = Debug|Any CPU
		{2243062B-8843-4451-AA6A-9738D2F8A9CA}.Debug|Any CPU.Build.0 = Debug|Any CPU
		{2243062B-8843-4451-AA6A-9738D2F8A9CA}.Release|Any CPU.ActiveCfg = Release|Any CPU
		{2243062B-8843-4451-AA6A-9738D2F8A9CA}.Release|Any CPU.Build.0 = Release|Any CPU
		{8F45EF40-F8C6-48BE-8794-1377AE738041}.Debug|Any CPU.ActiveCfg = Debug|Any CPU
		{8F45EF40-F8C6-48BE-8794-1377AE738041}.Debug|Any CPU.Build.0 = Debug|Any CPU
		{8F45EF40-F8C6-48BE-8794-1377AE738041}.Release|Any CPU.ActiveCfg = Release|Any CPU
		{8F45EF40-F8C6-48BE-8794-1377AE738041}.Release|Any CPU.Build.0 = Release|Any CPU
	EndGlobalSection
	GlobalSection(SolutionProperties) = preSolution
		HideSolutionNode = FALSE
	EndGlobalSection
EndGlobal
